
Microsoft Visual Studio Solution File, Format Version 12.00
# Visual Studio Version 16
VisualStudioVersion = 16.0.31424.327
MinimumVisualStudioVersion = 10.0.40219.1
Project("{9A19103F-16F7-4668-BE54-9A1E7A4F7556}") = "InMemory", "InMemory\InMemory.csproj", "{F835AEF0-E19E-4580-A120-B226133EE722}"
EndProject
Project("{FAE04EC0-301F-11D3-BF4B-00C04F79EFBC}") = "IDistributedCacheRedis", "IDistributedCacheRedis\IDistributedCacheRedis.csproj", "{F4DDAACC-F30B-41C5-90A6-DF0601B67C66}"
EndProject
Project("{FAE04EC0-301F-11D3-BF4B-00C04F79EFBC}") = "RedisExchangeAPI", "RedisExchangeAPI\RedisExchangeAPI.csproj", "{F723FB57-8A6E-449A-940C-7BB525275FF4}"
EndProject
Global
	GlobalSection(SolutionConfigurationPlatforms) = preSolution
		Debug|Any CPU = Debug|Any CPU
		Release|Any CPU = Release|Any CPU
	EndGlobalSection
	GlobalSection(ProjectConfigurationPlatforms) = postSolution
		{F835AEF0-E19E-4580-A120-B226133EE722}.Debug|Any CPU.ActiveCfg = Debug|Any CPU
		{F835AEF0-E19E-4580-A120-B226133EE722}.Debug|Any CPU.Build.0 = Debug|Any CPU
		{F835AEF0-E19E-4580-A120-B226133EE722}.Release|Any CPU.ActiveCfg = Release|Any CPU
		{F835AEF0-E19E-4580-A120-B226133EE722}.Release|Any CPU.Build.0 = Release|Any CPU
		{F4DDAACC-F30B-41C5-90A6-DF0601B67C66}.Debug|Any CPU.ActiveCfg = Debug|Any CPU
		{F4DDAACC-F30B-41C5-90A6-DF0601B67C66}.Debug|Any CPU.Build.0 = Debug|Any CPU
		{F4DDAACC-F30B-41C5-90A6-DF0601B67C66}.Release|Any CPU.ActiveCfg = Release|Any CPU
		{F4DDAACC-F30B-41C5-90A6-DF0601B67C66}.Release|Any CPU.Build.0 = Release|Any CPU
		{F723FB57-8A6E-449A-940C-7BB525275FF4}.Debug|Any CPU.ActiveCfg = Debug|Any CPU
		{F723FB57-8A6E-449A-940C-7BB525275FF4}.Debug|Any CPU.Build.0 = Debug|Any CPU
		{F723FB57-8A6E-449A-940C-7BB525275FF4}.Release|Any CPU.ActiveCfg = Release|Any CPU
		{F723FB57-8A6E-449A-940C-7BB525275FF4}.Release|Any CPU.Build.0 = Release|Any CPU
	EndGlobalSection
	GlobalSection(SolutionProperties) = preSolution
		HideSolutionNode = FALSE
	EndGlobalSection
	GlobalSection(ExtensibilityGlobals) = postSolution
		SolutionGuid = {A46FF18D-422C-46EE-B539-6FC08840E417}
	EndGlobalSection
EndGlobal
